
Microsoft Visual Studio Solution File, Format Version 12.00
# Visual Studio Version 17
VisualStudioVersion = 17.1.32421.90
MinimumVisualStudioVersion = 10.0.40219.1
Project("{FAE04EC0-301F-11D3-BF4B-00C04F79EFBC}") = "LibraryThird", "LibraryThird\LibraryThird.csproj", "{B08A3322-E9B8-4B8D-8BB1-754B65988FFD}"
EndProject
Global
	GlobalSection(SolutionConfigurationPlatforms) = preSolution
		Debug|Any CPU = Debug|Any CPU
		Release|Any CPU = Release|Any CPU
	EndGlobalSection
	GlobalSection(ProjectConfigurationPlatforms) = postSolution
		{B08A3322-E9B8-4B8D-8BB1-754B65988FFD}.Debug|Any CPU.ActiveCfg = Debug|Any CPU
		{B08A3322-E9B8-4B8D-8BB1-754B65988FFD}.Debug|Any CPU.Build.0 = Debug|Any CPU
		{B08A3322-E9B8-4B8D-8BB1-754B65988FFD}.Release|Any CPU.ActiveCfg = Release|Any CPU
		{B08A3322-E9B8-4B8D-8BB1-754B65988FFD}.Release|Any CPU.Build.0 = Release|Any CPU
	EndGlobalSection
	GlobalSection(SolutionProperties) = preSolution
		HideSolutionNode = FALSE
	EndGlobalSection
	GlobalSection(ExtensibilityGlobals) = postSolution
		SolutionGuid = {983E6F3E-92C6-4CA7-99D5-17E5F16A4644}
	EndGlobalSection
EndGlobal
