
Microsoft Visual Studio Solution File, Format Version 12.00
# Visual Studio Version 16
VisualStudioVersion = 16.0.32126.315
MinimumVisualStudioVersion = 10.0.40219.1
Project("{FAE04EC0-301F-11D3-BF4B-00C04F79EFBC}") = "Urist3этап", "Urist3этап\Urist3этап.csproj", "{60A4983D-933D-41F4-9826-588CB8DB9D62}"
EndProject
Global
	GlobalSection(SolutionConfigurationPlatforms) = preSolution
		Debug|Any CPU = Debug|Any CPU
		Release|Any CPU = Release|Any CPU
	EndGlobalSection
	GlobalSection(ProjectConfigurationPlatforms) = postSolution
		{60A4983D-933D-41F4-9826-588CB8DB9D62}.Debug|Any CPU.ActiveCfg = Debug|Any CPU
		{60A4983D-933D-41F4-9826-588CB8DB9D62}.Debug|Any CPU.Build.0 = Debug|Any CPU
		{60A4983D-933D-41F4-9826-588CB8DB9D62}.Release|Any CPU.ActiveCfg = Release|Any CPU
		{60A4983D-933D-41F4-9826-588CB8DB9D62}.Release|Any CPU.Build.0 = Release|Any CPU
	EndGlobalSection
	GlobalSection(SolutionProperties) = preSolution
		HideSolutionNode = FALSE
	EndGlobalSection
	GlobalSection(ExtensibilityGlobals) = postSolution
		SolutionGuid = {E9AB1D5B-AEE1-4DB9-89D7-3E66AACB88B1}
	EndGlobalSection
EndGlobal
