
Microsoft Visual Studio Solution File, Format Version 12.00
# Visual Studio Version 17
VisualStudioVersion = 17.1.32421.90
MinimumVisualStudioVersion = 10.0.40219.1
Project("{FAE04EC0-301F-11D3-BF4B-00C04F79EFBC}") = "Tretie", "Tretie\Tretie.csproj", "{760FA70F-FA4D-40FD-B83B-DF5660147A37}"
EndProject
Global
	GlobalSection(SolutionConfigurationPlatforms) = preSolution
		Debug|Any CPU = Debug|Any CPU
		Release|Any CPU = Release|Any CPU
	EndGlobalSection
	GlobalSection(ProjectConfigurationPlatforms) = postSolution
		{760FA70F-FA4D-40FD-B83B-DF5660147A37}.Debug|Any CPU.ActiveCfg = Debug|Any CPU
		{760FA70F-FA4D-40FD-B83B-DF5660147A37}.Debug|Any CPU.Build.0 = Debug|Any CPU
		{760FA70F-FA4D-40FD-B83B-DF5660147A37}.Release|Any CPU.ActiveCfg = Release|Any CPU
		{760FA70F-FA4D-40FD-B83B-DF5660147A37}.Release|Any CPU.Build.0 = Release|Any CPU
	EndGlobalSection
	GlobalSection(SolutionProperties) = preSolution
		HideSolutionNode = FALSE
	EndGlobalSection
	GlobalSection(ExtensibilityGlobals) = postSolution
		SolutionGuid = {D42CA431-3E3D-47AF-99B9-49E7FED21467}
	EndGlobalSection
EndGlobal
