
Microsoft Visual Studio Solution File, Format Version 12.00
# Visual Studio Version 17
VisualStudioVersion = 17.1.32328.378
MinimumVisualStudioVersion = 10.0.40219.1
Project("{FAE04EC0-301F-11D3-BF4B-00C04F79EFBC}") = "3rdstep", "3rdstep\3rdstep.csproj", "{1F0F4333-7BF5-40B8-809F-1E4404018D0F}"
EndProject
Global
	GlobalSection(SolutionConfigurationPlatforms) = preSolution
		Debug|Any CPU = Debug|Any CPU
		Release|Any CPU = Release|Any CPU
	EndGlobalSection
	GlobalSection(ProjectConfigurationPlatforms) = postSolution
		{1F0F4333-7BF5-40B8-809F-1E4404018D0F}.Debug|Any CPU.ActiveCfg = Debug|Any CPU
		{1F0F4333-7BF5-40B8-809F-1E4404018D0F}.Debug|Any CPU.Build.0 = Debug|Any CPU
		{1F0F4333-7BF5-40B8-809F-1E4404018D0F}.Release|Any CPU.ActiveCfg = Release|Any CPU
		{1F0F4333-7BF5-40B8-809F-1E4404018D0F}.Release|Any CPU.Build.0 = Release|Any CPU
	EndGlobalSection
	GlobalSection(SolutionProperties) = preSolution
		HideSolutionNode = FALSE
	EndGlobalSection
	GlobalSection(ExtensibilityGlobals) = postSolution
		SolutionGuid = {24D10B3E-3325-4C29-BD49-468E0987CD07}
	EndGlobalSection
EndGlobal
